
Microsoft Visual Studio Solution File, Format Version 12.00
# Visual Studio Version 17
VisualStudioVersion = 17.8.34330.188
MinimumVisualStudioVersion = 10.0.40219.1
Project("{FAE04EC0-301F-11D3-BF4B-00C04F79EFBC}") = "RecycleRate", "RecycleRate.csproj", "{B3D3610F-7792-4711-B0D5-7D910D64C1CD}"
EndProject
Global
	GlobalSection(SolutionConfigurationPlatforms) = preSolution
		Debug|Any CPU = Debug|Any CPU
		Release|Any CPU = Release|Any CPU
	EndGlobalSection
	GlobalSection(ProjectConfigurationPlatforms) = postSolution
		{B3D3610F-7792-4711-B0D5-7D910D64C1CD}.Debug|Any CPU.ActiveCfg = Debug|Any CPU
		{B3D3610F-7792-4711-B0D5-7D910D64C1CD}.Debug|Any CPU.Build.0 = Debug|Any CPU
		{B3D3610F-7792-4711-B0D5-7D910D64C1CD}.Release|Any CPU.ActiveCfg = Release|Any CPU
		{B3D3610F-7792-4711-B0D5-7D910D64C1CD}.Release|Any CPU.Build.0 = Release|Any CPU
	EndGlobalSection
	GlobalSection(SolutionProperties) = preSolution
		HideSolutionNode = FALSE
	EndGlobalSection
	GlobalSection(ExtensibilityGlobals) = postSolution
		SolutionGuid = {FE689C23-EE8A-49EF-9125-2E0852966840}
	EndGlobalSection
EndGlobal
